
Microsoft Visual Studio Solution File, Format Version 12.00
# Visual Studio 15
VisualStudioVersion = 15.0.28307.572
MinimumVisualStudioVersion = 10.0.40219.1
Project("{FAE04EC0-301F-11D3-BF4B-00C04F79EFBC}") = "CodilityPractice", "CodilityPractice\CodilityPractice.csproj", "{2F2890E3-1080-4C0E-B1D0-C04C2AE169F0}"
EndProject
Global
	GlobalSection(SolutionConfigurationPlatforms) = preSolution
		Debug|Any CPU = Debug|Any CPU
		Release|Any CPU = Release|Any CPU
	EndGlobalSection
	GlobalSection(ProjectConfigurationPlatforms) = postSolution
		{2F2890E3-1080-4C0E-B1D0-C04C2AE169F0}.Debug|Any CPU.ActiveCfg = Debug|Any CPU
		{2F2890E3-1080-4C0E-B1D0-C04C2AE169F0}.Debug|Any CPU.Build.0 = Debug|Any CPU
		{2F2890E3-1080-4C0E-B1D0-C04C2AE169F0}.Release|Any CPU.ActiveCfg = Release|Any CPU
		{2F2890E3-1080-4C0E-B1D0-C04C2AE169F0}.Release|Any CPU.Build.0 = Release|Any CPU
	EndGlobalSection
	GlobalSection(SolutionProperties) = preSolution
		HideSolutionNode = FALSE
	EndGlobalSection
	GlobalSection(ExtensibilityGlobals) = postSolution
		SolutionGuid = {608C558A-06B2-4F6B-A1E1-2FA1CD9D7828}
	EndGlobalSection
EndGlobal
